
Microsoft Visual Studio Solution File, Format Version 12.00
# Visual Studio Version 17
VisualStudioVersion = 17.0.31903.59
MinimumVisualStudioVersion = 10.0.40219.1
Project("{2150E333-8FDC-42A3-9474-1A3956D46DE8}") = "src", "src", "{D21BD811-8345-4AE4-A944-E1169E745FA1}"
EndProject
Project("{FAE04EC0-301F-11D3-BF4B-00C04F79EFBC}") = "A", "src\A\A.csproj", "{258B7396-FB4C-4470-85E0-FD9CEC19B646}"
EndProject
Project("{FAE04EC0-301F-11D3-BF4B-00C04F79EFBC}") = "B", "src\B\B.csproj", "{558E0413-2CA3-46E4-A2C4-022E1644A928}"
EndProject
Global
	GlobalSection(SolutionConfigurationPlatforms) = preSolution
		Debug|Any CPU = Debug|Any CPU
		Release|Any CPU = Release|Any CPU
	EndGlobalSection
	GlobalSection(SolutionProperties) = preSolution
		HideSolutionNode = FALSE
	EndGlobalSection
	GlobalSection(ProjectConfigurationPlatforms) = postSolution
		{258B7396-FB4C-4470-85E0-FD9CEC19B646}.Debug|Any CPU.ActiveCfg = Debug|Any CPU
		{258B7396-FB4C-4470-85E0-FD9CEC19B646}.Debug|Any CPU.Build.0 = Debug|Any CPU
		{258B7396-FB4C-4470-85E0-FD9CEC19B646}.Release|Any CPU.ActiveCfg = Release|Any CPU
		{258B7396-FB4C-4470-85E0-FD9CEC19B646}.Release|Any CPU.Build.0 = Release|Any CPU
		{558E0413-2CA3-46E4-A2C4-022E1644A928}.Debug|Any CPU.ActiveCfg = Debug|Any CPU
		{558E0413-2CA3-46E4-A2C4-022E1644A928}.Debug|Any CPU.Build.0 = Debug|Any CPU
		{558E0413-2CA3-46E4-A2C4-022E1644A928}.Release|Any CPU.ActiveCfg = Release|Any CPU
		{558E0413-2CA3-46E4-A2C4-022E1644A928}.Release|Any CPU.Build.0 = Release|Any CPU
	EndGlobalSection
	GlobalSection(NestedProjects) = preSolution
		{258B7396-FB4C-4470-85E0-FD9CEC19B646} = {D21BD811-8345-4AE4-A944-E1169E745FA1}
		{558E0413-2CA3-46E4-A2C4-022E1644A928} = {D21BD811-8345-4AE4-A944-E1169E745FA1}
	EndGlobalSection
EndGlobal
